// !$*UTF8*$!
{
	archiveVersion = 1;
	classes = {
	};
	objectVersion = 50;
	objects = {

/* Begin PBXBuildFile section */
		F580DA4625ACA63E000B8CAE /* DetailViewController.swift in Sources */ = {isa = PBXBuildFile; fileRef = F580DA4525ACA63E000B8CAE /* DetailViewController.swift */; };
		F58838C125A379AE0058E164 /* Struct.swift in Sources */ = {isa = PBXBuildFile; fileRef = F58838C025A379AE0058E164 /* Struct.swift */; };
		F595921525B58BB000F6BC9F /* StepsViewController.swift in Sources */ = {isa = PBXBuildFile; fileRef = F595921425B58BB000F6BC9F /* StepsViewController.swift */; };
		F595921725B58EE200F6BC9F /* StepsTableViewCell.swift in Sources */ = {isa = PBXBuildFile; fileRef = F595921625B58EE200F6BC9F /* StepsTableViewCell.swift */; };
		F5AC049C25A755D000788A73 /* IngredientViewController.swift in Sources */ = {isa = PBXBuildFile; fileRef = F5AC049B25A755D000788A73 /* IngredientViewController.swift */; };
		F5D2045125A3108100A17C1E /* AppDelegate.swift in Sources */ = {isa = PBXBuildFile; fileRef = F5D2045025A3108100A17C1E /* AppDelegate.swift */; };
		F5D2045325A3108100A17C1E /* SceneDelegate.swift in Sources */ = {isa = PBXBuildFile; fileRef = F5D2045225A3108100A17C1E /* SceneDelegate.swift */; };
		F5D2045525A3108100A17C1E /* ViewController.swift in Sources */ = {isa = PBXBuildFile; fileRef = F5D2045425A3108100A17C1E /* ViewController.swift */; };
		F5D2045825A3108100A17C1E /* Main.storyboard in Resources */ = {isa = PBXBuildFile; fileRef = F5D2045625A3108100A17C1E /* Main.storyboard */; };
		F5D2045B25A3108100A17C1E /* Ricettario.xcdatamodeld in Sources */ = {isa = PBXBuildFile; fileRef = F5D2045925A3108100A17C1E /* Ricettario.xcdatamodeld */; };
		F5D2045D25A3108200A17C1E /* Assets.xcassets in Resources */ = {isa = PBXBuildFile; fileRef = F5D2045C25A3108200A17C1E /* Assets.xcassets */; };
		F5D2046025A3108200A17C1E /* LaunchScreen.storyboard in Resources */ = {isa = PBXBuildFile; fileRef = F5D2045E25A3108200A17C1E /* LaunchScreen.storyboard */; };
		F5D2046B25A3108200A17C1E /* RicettarioTests.swift in Sources */ = {isa = PBXBuildFile; fileRef = F5D2046A25A3108200A17C1E /* RicettarioTests.swift */; };
		F5D2047625A3108200A17C1E /* RicettarioUITests.swift in Sources */ = {isa = PBXBuildFile; fileRef = F5D2047525A3108200A17C1E /* RicettarioUITests.swift */; };
		F5EA268325B71F5F007E6D2D /* PlayerView.swift in Sources */ = {isa = PBXBuildFile; fileRef = F5EA268225B71F5F007E6D2D /* PlayerView.swift */; };
/* End PBXBuildFile section */

/* Begin PBXContainerItemProxy section */
		F5D2046725A3108200A17C1E /* PBXContainerItemProxy */ = {
			isa = PBXContainerItemProxy;
			containerPortal = F5D2044525A3108100A17C1E /* Project object */;
			proxyType = 1;
			remoteGlobalIDString = F5D2044C25A3108100A17C1E;
			remoteInfo = Ricettario;
		};
		F5D2047225A3108200A17C1E /* PBXContainerItemProxy */ = {
			isa = PBXContainerItemProxy;
			containerPortal = F5D2044525A3108100A17C1E /* Project object */;
			proxyType = 1;
			remoteGlobalIDString = F5D2044C25A3108100A17C1E;
			remoteInfo = Ricettario;
		};
/* End PBXContainerItemProxy section */

/* Begin PBXFileReference section */
		F580DA4525ACA63E000B8CAE /* DetailViewController.swift */ = {isa = PBXFileReference; lastKnownFileType = sourcecode.swift; path = DetailViewController.swift; sourceTree = "<group>"; };
		F58838C025A379AE0058E164 /* Struct.swift */ = {isa = PBXFileReference; lastKnownFileType = sourcecode.swift; path = Struct.swift; sourceTree = "<group>"; };
		F595921425B58BB000F6BC9F /* StepsViewController.swift */ = {isa = PBXFileReference; lastKnownFileType = sourcecode.swift; path = StepsViewController.swift; sourceTree = "<group>"; };
		F595921625B58EE200F6BC9F /* StepsTableViewCell.swift */ = {isa = PBXFileReference; lastKnownFileType = sourcecode.swift; path = StepsTableViewCell.swift; sourceTree = "<group>"; };
		F5AC049B25A755D000788A73 /* IngredientViewController.swift */ = {isa = PBXFileReference; lastKnownFileType = sourcecode.swift; path = IngredientViewController.swift; sourceTree = "<group>"; };
		F5D2044D25A3108100A17C1E /* Ricettario.app */ = {isa = PBXFileReference; explicitFileType = wrapper.application; includeInIndex = 0; path = Ricettario.app; sourceTree = BUILT_PRODUCTS_DIR; };
		F5D2045025A3108100A17C1E /* AppDelegate.swift */ = {isa = PBXFileReference; lastKnownFileType = sourcecode.swift; path = AppDelegate.swift; sourceTree = "<group>"; };
		F5D2045225A3108100A17C1E /* SceneDelegate.swift */ = {isa = PBXFileReference; lastKnownFileType = sourcecode.swift; path = SceneDelegate.swift; sourceTree = "<group>"; };
		F5D2045425A3108100A17C1E /* ViewController.swift */ = {isa = PBXFileReference; lastKnownFileType = sourcecode.swift; path = ViewController.swift; sourceTree = "<group>"; };
		F5D2045725A3108100A17C1E /* Base */ = {isa = PBXFileReference; lastKnownFileType = file.storyboard; name = Base; path = Base.lproj/Main.storyboard; sourceTree = "<group>"; };
		F5D2045A25A3108100A17C1E /* Ricettario.xcdatamodel */ = {isa = PBXFileReference; lastKnownFileType = wrapper.xcdatamodel; path = Ricettario.xcdatamodel; sourceTree = "<group>"; };
		F5D2045C25A3108200A17C1E /* Assets.xcassets */ = {isa = PBXFileReference; lastKnownFileType = folder.assetcatalog; path = Assets.xcassets; sourceTree = "<group>"; };
		F5D2045F25A3108200A17C1E /* Base */ = {isa = PBXFileReference; lastKnownFileType = file.storyboard; name = Base; path = Base.lproj/LaunchScreen.storyboard; sourceTree = "<group>"; };
		F5D2046125A3108200A17C1E /* Info.plist */ = {isa = PBXFileReference; lastKnownFileType = text.plist.xml; path = Info.plist; sourceTree = "<group>"; };
		F5D2046625A3108200A17C1E /* RicettarioTests.xctest */ = {isa = PBXFileReference; explicitFileType = wrapper.cfbundle; includeInIndex = 0; path = RicettarioTests.xctest; sourceTree = BUILT_PRODUCTS_DIR; };
		F5D2046A25A3108200A17C1E /* RicettarioTests.swift */ = {isa = PBXFileReference; lastKnownFileType = sourcecode.swift; path = RicettarioTests.swift; sourceTree = "<group>"; };
		F5D2046C25A3108200A17C1E /* Info.plist */ = {isa = PBXFileReference; lastKnownFileType = text.plist.xml; path = Info.plist; sourceTree = "<group>"; };
		F5D2047125A3108200A17C1E /* RicettarioUITests.xctest */ = {isa = PBXFileReference; explicitFileType = wrapper.cfbundle; includeInIndex = 0; path = RicettarioUITests.xctest; sourceTree = BUILT_PRODUCTS_DIR; };
		F5D2047525A3108200A17C1E /* RicettarioUITests.swift */ = {isa = PBXFileReference; lastKnownFileType = sourcecode.swift; path = RicettarioUITests.swift; sourceTree = "<group>"; };
		F5D2047725A3108200A17C1E /* Info.plist */ = {isa = PBXFileReference; lastKnownFileType = text.plist.xml; path = Info.plist; sourceTree = "<group>"; };
		F5EA268225B71F5F007E6D2D /* PlayerView.swift */ = {isa = PBXFileReference; lastKnownFileType = sourcecode.swift; path = PlayerView.swift; sourceTree = "<group>"; };
/* End PBXFileReference section */

/* Begin PBXFrameworksBuildPhase section */
		F5D2044A25A3108100A17C1E /* Frameworks */ = {
			isa = PBXFrameworksBuildPhase;
			buildActionMask = 2147483647;
			files = (
			);
			runOnlyForDeploymentPostprocessing = 0;
		};
		F5D2046325A3108200A17C1E /* Frameworks */ = {
			isa = PBXFrameworksBuildPhase;
			buildActionMask = 2147483647;
			files = (
			);
			runOnlyForDeploymentPostprocessing = 0;
		};
		F5D2046E25A3108200A17C1E /* Frameworks */ = {
			isa = PBXFrameworksBuildPhase;
			buildActionMask = 2147483647;
			files = (
			);
			runOnlyForDeploymentPostprocessing = 0;
		};
/* End PBXFrameworksBuildPhase section */

/* Begin PBXGroup section */
		F5D2044425A3108100A17C1E = {
			isa = PBXGroup;
			children = (
				F5D2044F25A3108100A17C1E /* Ricettario */,
				F5D2046925A3108200A17C1E /* RicettarioTests */,
				F5D2047425A3108200A17C1E /* RicettarioUITests */,
				F5D2044E25A3108100A17C1E /* Products */,
			);
			sourceTree = "<group>";
		};
		F5D2044E25A3108100A17C1E /* Products */ = {
			isa = PBXGroup;
			children = (
				F5D2044D25A3108100A17C1E /* Ricettario.app */,
				F5D2046625A3108200A17C1E /* RicettarioTests.xctest */,
				F5D2047125A3108200A17C1E /* RicettarioUITests.xctest */,
			);
			name = Products;
			sourceTree = "<group>";
		};
		F5D2044F25A3108100A17C1E /* Ricettario */ = {
			isa = PBXGroup;
			children = (
				F5D2045025A3108100A17C1E /* AppDelegate.swift */,
				F5D2045225A3108100A17C1E /* SceneDelegate.swift */,
				F5D2045425A3108100A17C1E /* ViewController.swift */,
				F5AC049B25A755D000788A73 /* IngredientViewController.swift */,
				F580DA4525ACA63E000B8CAE /* DetailViewController.swift */,
				F595921425B58BB000F6BC9F /* StepsViewController.swift */,
				F595921625B58EE200F6BC9F /* StepsTableViewCell.swift */,
				F58838C025A379AE0058E164 /* Struct.swift */,
				F5D2045625A3108100A17C1E /* Main.storyboard */,
				F5EA268225B71F5F007E6D2D /* PlayerView.swift */,
				F5D2045C25A3108200A17C1E /* Assets.xcassets */,
				F5D2045E25A3108200A17C1E /* LaunchScreen.storyboard */,
				F5D2046125A3108200A17C1E /* Info.plist */,
				F5D2045925A3108100A17C1E /* Ricettario.xcdatamodeld */,
			);
			path = Ricettario;
			sourceTree = "<group>";
		};
		F5D2046925A3108200A17C1E /* RicettarioTests */ = {
			isa = PBXGroup;
			children = (
				F5D2046A25A3108200A17C1E /* RicettarioTests.swift */,
				F5D2046C25A3108200A17C1E /* Info.plist */,
			);
			path = RicettarioTests;
			sourceTree = "<group>";
		};
		F5D2047425A3108200A17C1E /* RicettarioUITests */ = {
			isa = PBXGroup;
			children = (
				F5D2047525A3108200A17C1E /* RicettarioUITests.swift */,
				F5D2047725A3108200A17C1E /* Info.plist */,
			);
			path = RicettarioUITests;
			sourceTree = "<group>";
		};
/* End PBXGroup section */

/* Begin PBXNativeTarget section */
		F5D2044C25A3108100A17C1E /* Ricettario */ = {
			isa = PBXNativeTarget;
			buildConfigurationList = F5D2047A25A3108200A17C1E /* Build configuration list for PBXNativeTarget "Ricettario" */;
			buildPhases = (
				F5D2044925A3108100A17C1E /* Sources */,
				F5D2044A25A3108100A17C1E /* Frameworks */,
				F5D2044B25A3108100A17C1E /* Resources */,
			);
			buildRules = (
			);
			dependencies = (
			);
			name = Ricettario;
			productName = Ricettario;
			productReference = F5D2044D25A3108100A17C1E /* Ricettario.app */;
			productType = "com.apple.product-type.application";
		};
		F5D2046525A3108200A17C1E /* RicettarioTests */ = {
			isa = PBXNativeTarget;
			buildConfigurationList = F5D2047D25A3108200A17C1E /* Build configuration list for PBXNativeTarget "RicettarioTests" */;
			buildPhases = (
				F5D2046225A3108200A17C1E /* Sources */,
				F5D2046325A3108200A17C1E /* Frameworks */,
				F5D2046425A3108200A17C1E /* Resources */,
			);
			buildRules = (
			);
			dependencies = (
				F5D2046825A3108200A17C1E /* PBXTargetDependency */,
			);
			name = RicettarioTests;
			productName = RicettarioTests;
			productReference = F5D2046625A3108200A17C1E /* RicettarioTests.xctest */;
			productType = "com.apple.product-type.bundle.unit-test";
		};
		F5D2047025A3108200A17C1E /* RicettarioUITests */ = {
			isa = PBXNativeTarget;
			buildConfigurationList = F5D2048025A3108200A17C1E /* Build configuration list for PBXNativeTarget "RicettarioUITests" */;
			buildPhases = (
				F5D2046D25A3108200A17C1E /* Sources */,
				F5D2046E25A3108200A17C1E /* Frameworks */,
				F5D2046F25A3108200A17C1E /* Resources */,
			);
			buildRules = (
			);
			dependencies = (
				F5D2047325A3108200A17C1E /* PBXTargetDependency */,
			);
			name = RicettarioUITests;
			productName = RicettarioUITests;
			productReference = F5D2047125A3108200A17C1E /* RicettarioUITests.xctest */;
			productType = "com.apple.product-type.bundle.ui-testing";
		};
/* End PBXNativeTarget section */

/* Begin PBXProject section */
		F5D2044525A3108100A17C1E /* Project object */ = {
			isa = PBXProject;
			attributes = {
				LastSwiftUpdateCheck = 1150;
				LastUpgradeCheck = 1150;
				ORGANIZATIONNAME = "Gennaro Cotarella";
				TargetAttributes = {
					F5D2044C25A3108100A17C1E = {
						CreatedOnToolsVersion = 11.5;
					};
					F5D2046525A3108200A17C1E = {
						CreatedOnToolsVersion = 11.5;
						TestTargetID = F5D2044C25A3108100A17C1E;
					};
					F5D2047025A3108200A17C1E = {
						CreatedOnToolsVersion = 11.5;
						TestTargetID = F5D2044C25A3108100A17C1E;
					};
				};
			};
			buildConfigurationList = F5D2044825A3108100A17C1E /* Build configuration list for PBXProject "Ricettario" */;
			compatibilityVersion = "Xcode 9.3";
			developmentRegion = en;
			hasScannedForEncodings = 0;
			knownRegions = (
				en,
				Base,
			);
			mainGroup = F5D2044425A3108100A17C1E;
			productRefGroup = F5D2044E25A3108100A17C1E /* Products */;
			projectDirPath = "";
			projectRoot = "";
			targets = (
				F5D2044C25A3108100A17C1E /* Ricettario */,
				F5D2046525A3108200A17C1E /* RicettarioTests */,
				F5D2047025A3108200A17C1E /* RicettarioUITests */,
			);
		};
/* End PBXProject section */

/* Begin PBXResourcesBuildPhase section */
		F5D2044B25A3108100A17C1E /* Resources */ = {
			isa = PBXResourcesBuildPhase;
			buildActionMask = 2147483647;
			files = (
				F5D2046025A3108200A17C1E /* LaunchScreen.storyboard in Resources */,
				F5D2045D25A3108200A17C1E /* Assets.xcassets in Resources */,
				F5D2045825A3108100A17C1E /* Main.storyboard in Resources */,
			);
			runOnlyForDeploymentPostprocessing = 0;
		};
		F5D2046425A3108200A17C1E /* Resources */ = {
			isa = PBXResourcesBuildPhase;
			buildActionMask = 2147483647;
			files = (
			);
			runOnlyForDeploymentPostprocessing = 0;
		};
		F5D2046F25A3108200A17C1E /* Resources */ = {
			isa = PBXResourcesBuildPhase;
			buildActionMask = 2147483647;
			files = (
			);
			runOnlyForDeploymentPostprocessing = 0;
		};
/* End PBXResourcesBuildPhase section */

/* Begin PBXSourcesBuildPhase section */
		F5D2044925A3108100A17C1E /* Sources */ = {
			isa = PBXSourcesBuildPhase;
			buildActionMask = 2147483647;
			files = (
				F595921525B58BB000F6BC9F /* StepsViewController.swift in Sources */,
				F580DA4625ACA63E000B8CAE /* DetailViewController.swift in Sources */,
				F5EA268325B71F5F007E6D2D /* PlayerView.swift in Sources */,
				F5D2045525A3108100A17C1E /* ViewController.swift in Sources */,
				F5D2045B25A3108100A17C1E /* Ricettario.xcdatamodeld in Sources */,
				F595921725B58EE200F6BC9F /* StepsTableViewCell.swift in Sources */,
				F5D2045125A3108100A17C1E /* AppDelegate.swift in Sources */,
				F5AC049C25A755D000788A73 /* IngredientViewController.swift in Sources */,
				F58838C125A379AE0058E164 /* Struct.swift in Sources */,
				F5D2045325A3108100A17C1E /* SceneDelegate.swift in Sources */,
			);
			runOnlyForDeploymentPostprocessing = 0;
		};
		F5D2046225A3108200A17C1E /* Sources */ = {
			isa = PBXSourcesBuildPhase;
			buildActionMask = 2147483647;
			files = (
				F5D2046B25A3108200A17C1E /* RicettarioTests.swift in Sources */,
			);
			runOnlyForDeploymentPostprocessing = 0;
		};
		F5D2046D25A3108200A17C1E /* Sources */ = {
			isa = PBXSourcesBuildPhase;
			buildActionMask = 2147483647;
			files = (
				F5D2047625A3108200A17C1E /* RicettarioUITests.swift in Sources */,
			);
			runOnlyForDeploymentPostprocessing = 0;
		};
/* End PBXSourcesBuildPhase section */

/* Begin PBXTargetDependency section */
		F5D2046825A3108200A17C1E /* PBXTargetDependency */ = {
			isa = PBXTargetDependency;
			target = F5D2044C25A3108100A17C1E /* Ricettario */;
			targetProxy = F5D2046725A3108200A17C1E /* PBXContainerItemProxy */;
		};
		F5D2047325A3108200A17C1E /* PBXTargetDependency */ = {
			isa = PBXTargetDependency;
			target = F5D2044C25A3108100A17C1E /* Ricettario */;
			targetProxy = F5D2047225A3108200A17C1E /* PBXContainerItemProxy */;
		};
/* End PBXTargetDependency section */

/* Begin PBXVariantGroup section */
		F5D2045625A3108100A17C1E /* Main.storyboard */ = {
			isa = PBXVariantGroup;
			children = (
				F5D2045725A3108100A17C1E /* Base */,
			);
			name = Main.storyboard;
			sourceTree = "<group>";
		};
		F5D2045E25A3108200A17C1E /* LaunchScreen.storyboard */ = {
			isa = PBXVariantGroup;
			children = (
				F5D2045F25A3108200A17C1E /* Base */,
			);
			name = LaunchScreen.storyboard;
			sourceTree = "<group>";
		};
/* End PBXVariantGroup section */

/* Begin XCBuildConfiguration section */
		F5D2047825A3108200A17C1E /* Debug */ = {
			isa = XCBuildConfiguration;
			buildSettings = {
				ALWAYS_SEARCH_USER_PATHS = NO;
				CLANG_ANALYZER_NONNULL = YES;
				CLANG_ANALYZER_NUMBER_OBJECT_CONVERSION = YES_AGGRESSIVE;
				CLANG_CXX_LANGUAGE_STANDARD = "gnu++14";
				CLANG_CXX_LIBRARY = "libc++";
				CLANG_ENABLE_MODULES = YES;
				CLANG_ENABLE_OBJC_ARC = YES;
				CLANG_ENABLE_OBJC_WEAK = YES;
				CLANG_WARN_BLOCK_CAPTURE_AUTORELEASING = YES;
				CLANG_WARN_BOOL_CONVERSION = YES;
				CLANG_WARN_COMMA = YES;
				CLANG_WARN_CONSTANT_CONVERSION = YES;
				CLANG_WARN_DEPRECATED_OBJC_IMPLEMENTATIONS = YES;
				CLANG_WARN_DIRECT_OBJC_ISA_USAGE = YES_ERROR;
				CLANG_WARN_DOCUMENTATION_COMMENTS = YES;
				CLANG_WARN_EMPTY_BODY = YES;
				CLANG_WARN_ENUM_CONVERSION = YES;
				CLANG_WARN_INFINITE_RECURSION = YES;
				CLANG_WARN_INT_CONVERSION = YES;
				CLANG_WARN_NON_LITERAL_NULL_CONVERSION = YES;
				CLANG_WARN_OBJC_IMPLICIT_RETAIN_SELF = YES;
				CLANG_WARN_OBJC_LITERAL_CONVERSION = YES;
				CLANG_WARN_OBJC_ROOT_CLASS = YES_ERROR;
				CLANG_WARN_RANGE_LOOP_ANALYSIS = YES;
				CLANG_WARN_STRICT_PROTOTYPES = YES;
				CLANG_WARN_SUSPICIOUS_MOVE = YES;
				CLANG_WARN_UNGUARDED_AVAILABILITY = YES_AGGRESSIVE;
				CLANG_WARN_UNREACHABLE_CODE = YES;
				CLANG_WARN__DUPLICATE_METHOD_MATCH = YES;
				COPY_PHASE_STRIP = NO;
				DEBUG_INFORMATION_FORMAT = dwarf;
				ENABLE_STRICT_OBJC_MSGSEND = YES;
				ENABLE_TESTABILITY = YES;
				GCC_C_LANGUAGE_STANDARD = gnu11;
				GCC_DYNAMIC_NO_PIC = NO;
				GCC_NO_COMMON_BLOCKS = YES;
				GCC_OPTIMIZATION_LEVEL = 0;
				GCC_PREPROCESSOR_DEFINITIONS = (
					"DEBUG=1",
					"$(inherited)",
				);
				GCC_WARN_64_TO_32_BIT_CONVERSION = YES;
				GCC_WARN_ABOUT_RETURN_TYPE = YES_ERROR;
				GCC_WARN_UNDECLARED_SELECTOR = YES;
				GCC_WARN_UNINITIALIZED_AUTOS = YES_AGGRESSIVE;
				GCC_WARN_UNUSED_FUNCTION = YES;
				GCC_WARN_UNUSED_VARIABLE = YES;
				IPHONEOS_DEPLOYMENT_TARGET = 13.5;
				MTL_ENABLE_DEBUG_INFO = INCLUDE_SOURCE;
				MTL_FAST_MATH = YES;
				ONLY_ACTIVE_ARCH = YES;
				SDKROOT = iphoneos;
				SWIFT_ACTIVE_COMPILATION_CONDITIONS = DEBUG;
				SWIFT_OPTIMIZATION_LEVEL = "-Onone";
			};
			name = Debug;
		};
		F5D2047925A3108200A17C1E /* Release */ = {
			isa = XCBuildConfiguration;
			buildSettings = {
				ALWAYS_SEARCH_USER_PATHS = NO;
				CLANG_ANALYZER_NONNULL = YES;
				CLANG_ANALYZER_NUMBER_OBJECT_CONVERSION = YES_AGGRESSIVE;
				CLANG_CXX_LANGUAGE_STANDARD = "gnu++14";
				CLANG_CXX_LIBRARY = "libc++";
				CLANG_ENABLE_MODULES = YES;
				CLANG_ENABLE_OBJC_ARC = YES;
				CLANG_ENABLE_OBJC_WEAK = YES;
				CLANG_WARN_BLOCK_CAPTURE_AUTORELEASING = YES;
				CLANG_WARN_BOOL_CONVERSION = YES;
				CLANG_WARN_COMMA = YES;
				CLANG_WARN_CONSTANT_CONVERSION = YES;
				CLANG_WARN_DEPRECATED_OBJC_IMPLEMENTATIONS = YES;
				CLANG_WARN_DIRECT_OBJC_ISA_USAGE = YES_ERROR;
				CLANG_WARN_DOCUMENTATION_COMMENTS = YES;
				CLANG_WARN_EMPTY_BODY = YES;
				CLANG_WARN_ENUM_CONVERSION = YES;
				CLANG_WARN_INFINITE_RECURSION = YES;
				CLANG_WARN_INT_CONVERSION = YES;
				CLANG_WARN_NON_LITERAL_NULL_CONVERSION = YES;
				CLANG_WARN_OBJC_IMPLICIT_RETAIN_SELF = YES;
				CLANG_WARN_OBJC_LITERAL_CONVERSION = YES;
				CLANG_WARN_OBJC_ROOT_CLASS = YES_ERROR;
				CLANG_WARN_RANGE_LOOP_ANALYSIS = YES;
				CLANG_WARN_STRICT_PROTOTYPES = YES;
				CLANG_WARN_SUSPICIOUS_MOVE = YES;
				CLANG_WARN_UNGUARDED_AVAILABILITY = YES_AGGRESSIVE;
				CLANG_WARN_UNREACHABLE_CODE = YES;
				CLANG_WARN__DUPLICATE_METHOD_MATCH = YES;
				COPY_PHASE_STRIP = NO;
				DEBUG_INFORMATION_FORMAT = "dwarf-with-dsym";
				ENABLE_NS_ASSERTIONS = NO;
				ENABLE_STRICT_OBJC_MSGSEND = YES;
				GCC_C_LANGUAGE_STANDARD = gnu11;
				GCC_NO_COMMON_BLOCKS = YES;
				GCC_WARN_64_TO_32_BIT_CONVERSION = YES;
				GCC_WARN_ABOUT_RETURN_TYPE = YES_ERROR;
				GCC_WARN_UNDECLARED_SELECTOR = YES;
				GCC_WARN_UNINITIALIZED_AUTOS = YES_AGGRESSIVE;
				GCC_WARN_UNUSED_FUNCTION = YES;
				GCC_WARN_UNUSED_VARIABLE = YES;
				IPHONEOS_DEPLOYMENT_TARGET = 13.5;
				MTL_ENABLE_DEBUG_INFO = NO;
				MTL_FAST_MATH = YES;
				SDKROOT = iphoneos;
				SWIFT_COMPILATION_MODE = wholemodule;
				SWIFT_OPTIMIZATION_LEVEL = "-O";
				VALIDATE_PRODUCT = YES;
			};
			name = Release;
		};
		F5D2047B25A3108200A17C1E /* Debug */ = {
			isa = XCBuildConfiguration;
			buildSettings = {
				ASSETCATALOG_COMPILER_APPICON_NAME = AppIcon;
				CODE_SIGN_STYLE = Automatic;
				DEVELOPMENT_TEAM = 8V43J354EF;
				INFOPLIST_FILE = Ricettario/Info.plist;
				LD_RUNPATH_SEARCH_PATHS = (
					"$(inherited)",
					"@executable_path/Frameworks",
				);
				PRODUCT_BUNDLE_IDENTIFIER = com.Ricettario;
				PRODUCT_NAME = "$(TARGET_NAME)";
				SWIFT_VERSION = 5.0;
				TARGETED_DEVICE_FAMILY = "1,2";
			};
			name = Debug;
		};
		F5D2047C25A3108200A17C1E /* Release */ = {
			isa = XCBuildConfiguration;
			buildSettings = {
				ASSETCATALOG_COMPILER_APPICON_NAME = AppIcon;
				CODE_SIGN_STYLE = Automatic;
				DEVELOPMENT_TEAM = 8V43J354EF;
				INFOPLIST_FILE = Ricettario/Info.plist;
				LD_RUNPATH_SEARCH_PATHS = (
					"$(inherited)",
					"@executable_path/Frameworks",
				);
				PRODUCT_BUNDLE_IDENTIFIER = com.Ricettario;
				PRODUCT_NAME = "$(TARGET_NAME)";
				SWIFT_VERSION = 5.0;
				TARGETED_DEVICE_FAMILY = "1,2";
			};
			name = Release;
		};
		F5D2047E25A3108200A17C1E /* Debug */ = {
			isa = XCBuildConfiguration;
			buildSettings = {
				ALWAYS_EMBED_SWIFT_STANDARD_LIBRARIES = YES;
				BUNDLE_LOADER = "$(TEST_HOST)";
				CODE_SIGN_STYLE = Automatic;
				DEVELOPMENT_TEAM = 8V43J354EF;
				INFOPLIST_FILE = RicettarioTests/Info.plist;
				IPHONEOS_DEPLOYMENT_TARGET = 13.5;
				LD_RUNPATH_SEARCH_PATHS = (
					"$(inherited)",
					"@executable_path/Frameworks",
					"@loader_path/Frameworks",
				);
				PRODUCT_BUNDLE_IDENTIFIER = com.RicettarioTests;
				PRODUCT_NAME = "$(TARGET_NAME)";
				SWIFT_VERSION = 5.0;
				TARGETED_DEVICE_FAMILY = "1,2";
				TEST_HOST = "$(BUILT_PRODUCTS_DIR)/Ricettario.app/Ricettario";
			};
			name = Debug;
		};
		F5D2047F25A3108200A17C1E /* Release */ = {
			isa = XCBuildConfiguration;
			buildSettings = {
				ALWAYS_EMBED_SWIFT_STANDARD_LIBRARIES = YES;
				BUNDLE_LOADER = "$(TEST_HOST)";
				CODE_SIGN_STYLE = Automatic;
				DEVELOPMENT_TEAM = 8V43J354EF;
				INFOPLIST_FILE = RicettarioTests/Info.plist;
				IPHONEOS_DEPLOYMENT_TARGET = 13.5;
				LD_RUNPATH_SEARCH_PATHS = (
					"$(inherited)",
					"@executable_path/Frameworks",
					"@loader_path/Frameworks",
				);
				PRODUCT_BUNDLE_IDENTIFIER = com.RicettarioTests;
				PRODUCT_NAME = "$(TARGET_NAME)";
				SWIFT_VERSION = 5.0;
				TARGETED_DEVICE_FAMILY = "1,2";
				TEST_HOST = "$(BUILT_PRODUCTS_DIR)/Ricettario.app/Ricettario";
			};
			name = Release;
		};
		F5D2048125A3108200A17C1E /* Debug */ = {
			isa = XCBuildConfiguration;
			buildSettings = {
				ALWAYS_EMBED_SWIFT_STANDARD_LIBRARIES = YES;
				CODE_SIGN_STYLE = Automatic;
				DEVELOPMENT_TEAM = 8V43J354EF;
				INFOPLIST_FILE = RicettarioUITests/Info.plist;
				LD_RUNPATH_SEARCH_PATHS = (
					"$(inherited)",
					"@executable_path/Frameworks",
					"@loader_path/Frameworks",
				);
				PRODUCT_BUNDLE_IDENTIFIER = com.RicettarioUITests;
				PRODUCT_NAME = "$(TARGET_NAME)";
				SWIFT_VERSION = 5.0;
				TARGETED_DEVICE_FAMILY = "1,2";
				TEST_TARGET_NAME = Ricettario;
			};
			name = Debug;
		};
		F5D2048225A3108200A17C1E /* Release */ = {
			isa = XCBuildConfiguration;
			buildSettings = {
				ALWAYS_EMBED_SWIFT_STANDARD_LIBRARIES = YES;
				CODE_SIGN_STYLE = Automatic;
				DEVELOPMENT_TEAM = 8V43J354EF;
				INFOPLIST_FILE = RicettarioUITests/Info.plist;
				LD_RUNPATH_SEARCH_PATHS = (
					"$(inherited)",
					"@executable_path/Frameworks",
					"@loader_path/Frameworks",
				);
				PRODUCT_BUNDLE_IDENTIFIER = com.RicettarioUITests;
				PRODUCT_NAME = "$(TARGET_NAME)";
				SWIFT_VERSION = 5.0;
				TARGETED_DEVICE_FAMILY = "1,2";
				TEST_TARGET_NAME = Ricettario;
			};
			name = Release;
		};
/* End XCBuildConfiguration section */

/* Begin XCConfigurationList section */
		F5D2044825A3108100A17C1E /* Build configuration list for PBXProject "Ricettario" */ = {
			isa = XCConfigurationList;
			buildConfigurations = (
				F5D2047825A3108200A17C1E /* Debug */,
				F5D2047925A3108200A17C1E /* Release */,
			);
			defaultConfigurationIsVisible = 0;
			defaultConfigurationName = Release;
		};
		F5D2047A25A3108200A17C1E /* Build configuration list for PBXNativeTarget "Ricettario" */ = {
			isa = XCConfigurationList;
			buildConfigurations = (
				F5D2047B25A3108200A17C1E /* Debug */,
				F5D2047C25A3108200A17C1E /* Release */,
			);
			defaultConfigurationIsVisible = 0;
			defaultConfigurationName = Release;
		};
		F5D2047D25A3108200A17C1E /* Build configuration list for PBXNativeTarget "RicettarioTests" */ = {
			isa = XCConfigurationList;
			buildConfigurations = (
				F5D2047E25A3108200A17C1E /* Debug */,
				F5D2047F25A3108200A17C1E /* Release */,
			);
			defaultConfigurationIsVisible = 0;
			defaultConfigurationName = Release;
		};
		F5D2048025A3108200A17C1E /* Build configuration list for PBXNativeTarget "RicettarioUITests" */ = {
			isa = XCConfigurationList;
			buildConfigurations = (
				F5D2048125A3108200A17C1E /* Debug */,
				F5D2048225A3108200A17C1E /* Release */,
			);
			defaultConfigurationIsVisible = 0;
			defaultConfigurationName = Release;
		};
/* End XCConfigurationList section */

/* Begin XCVersionGroup section */
		F5D2045925A3108100A17C1E /* Ricettario.xcdatamodeld */ = {
			isa = XCVersionGroup;
			children = (
				F5D2045A25A3108100A17C1E /* Ricettario.xcdatamodel */,
			);
			currentVersion = F5D2045A25A3108100A17C1E /* Ricettario.xcdatamodel */;
			path = Ricettario.xcdatamodeld;
			sourceTree = "<group>";
			versionGroupType = wrapper.xcdatamodel;
		};
/* End XCVersionGroup section */
	};
	rootObject = F5D2044525A3108100A17C1E /* Project object */;
}
